{
  "version": 4,
  "terraform_version": "1.3.7",
  "serial": 8,
  "lineage": "351c3d42-7b5c-970d-fd4b-21d19ac3dc30",
  "outputs": {},
  "resources": [
    {
      "mode": "data",
      "type": "aws_ami",
      "name": "miimagen",
      "provider": "provider[\"registry.terraform.io/hashicorp/aws\"]",
      "instances": [
        {
          "schema_version": 0,
          "attributes": {
            "architecture": "x86_64",
            "arn": "arn:aws:ec2:eu-west-1::image/ami-0333305f9719618c7",
            "block_device_mappings": [
              {
                "device_name": "/dev/sda1",
                "ebs": {
                  "delete_on_termination": "true",
                  "encrypted": "false",
                  "iops": "0",
                  "snapshot_id": "snap-0c30d3b603c281170",
                  "throughput": "0",
                  "volume_size": "8",
                  "volume_type": "gp2"
                },
                "no_device": "",
                "virtual_name": ""
              },
              {
                "device_name": "/dev/sdb",
                "ebs": {},
                "no_device": "",
                "virtual_name": "ephemeral0"
              },
              {
                "device_name": "/dev/sdc",
                "ebs": {},
                "no_device": "",
                "virtual_name": "ephemeral1"
              }
            ],
            "boot_mode": "",
            "creation_date": "2023-01-15T02:51:46.000Z",
            "deprecation_time": "2025-01-15T02:51:46.000Z",
            "description": "Canonical, Ubuntu, 22.04 LTS, amd64 jammy image build on 2023-01-15",
            "ena_support": true,
            "executable_users": null,
            "filter": [
              {
                "name": "name",
                "values": [
                  "*ubuntu-jammy-22.04-amd64-server-*"
                ]
              },
              {
                "name": "root-device-type",
                "values": [
                  "ebs"
                ]
              },
              {
                "name": "virtualization-type",
                "values": [
                  "hvm"
                ]
              }
            ],
            "hypervisor": "xen",
            "id": "ami-0333305f9719618c7",
            "image_id": "ami-0333305f9719618c7",
            "image_location": "amazon/ubuntu/images/hvm-ssd/ubuntu-jammy-22.04-amd64-server-20230115",
            "image_owner_alias": "amazon",
            "image_type": "machine",
            "imds_support": "",
            "include_deprecated": false,
            "kernel_id": "",
            "most_recent": true,
            "name": "ubuntu/images/hvm-ssd/ubuntu-jammy-22.04-amd64-server-20230115",
            "name_regex": null,
            "owner_id": "099720109477",
            "owners": [
              "099720109477"
            ],
            "platform": "",
            "platform_details": "Linux/UNIX",
            "product_codes": [],
            "public": true,
            "ramdisk_id": "",
            "root_device_name": "/dev/sda1",
            "root_device_type": "ebs",
            "root_snapshot_id": "snap-0c30d3b603c281170",
            "sriov_net_support": "simple",
            "state": "available",
            "state_reason": {
              "code": "UNSET",
              "message": "UNSET"
            },
            "tags": {},
            "timeouts": null,
            "tpm_support": "",
            "usage_operation": "RunInstances",
            "virtualization_type": "hvm"
          },
          "sensitive_attributes": []
        }
      ]
    },
    {
      "mode": "managed",
      "type": "aws_instance",
      "name": "servidor",
      "provider": "provider[\"registry.terraform.io/hashicorp/aws\"]",
      "instances": [
        {
          "schema_version": 1,
          "attributes": {
            "ami": "ami-0333305f9719618c7",
            "arn": "arn:aws:ec2:eu-west-1:639988086142:instance/i-0fcd72feb37fe762c",
            "associate_public_ip_address": true,
            "availability_zone": "eu-west-1c",
            "capacity_reservation_specification": [
              {
                "capacity_reservation_preference": "open",
                "capacity_reservation_target": []
              }
            ],
            "cpu_core_count": 1,
            "cpu_threads_per_core": 2,
            "credit_specification": [
              {
                "cpu_credits": "unlimited"
              }
            ],
            "disable_api_stop": false,
            "disable_api_termination": false,
            "ebs_block_device": [],
            "ebs_optimized": false,
            "enclave_options": [
              {
                "enabled": false
              }
            ],
            "ephemeral_block_device": [],
            "get_password_data": false,
            "hibernation": false,
            "host_id": "",
            "host_resource_group_arn": null,
            "iam_instance_profile": "",
            "id": "i-0fcd72feb37fe762c",
            "instance_initiated_shutdown_behavior": "stop",
            "instance_state": "running",
            "instance_type": "t3.micro",
            "ipv6_address_count": 0,
            "ipv6_addresses": [],
            "key_name": "clavePublicaIvan",
            "launch_template": [],
            "maintenance_options": [
              {
                "auto_recovery": "default"
              }
            ],
            "metadata_options": [
              {
                "http_endpoint": "enabled",
                "http_put_response_hop_limit": 1,
                "http_tokens": "optional",
                "instance_metadata_tags": "disabled"
              }
            ],
            "monitoring": false,
            "network_interface": [],
            "outpost_arn": "",
            "password_data": "",
            "placement_group": "",
            "placement_partition_number": 0,
            "primary_network_interface_id": "eni-0bbc02537f3260f1c",
            "private_dns": "ip-172-31-41-112.eu-west-1.compute.internal",
            "private_dns_name_options": [
              {
                "enable_resource_name_dns_a_record": false,
                "enable_resource_name_dns_aaaa_record": false,
                "hostname_type": "ip-name"
              }
            ],
            "private_ip": "172.31.41.112",
            "public_dns": "ec2-3-252-133-226.eu-west-1.compute.amazonaws.com",
            "public_ip": "3.252.133.226",
            "root_block_device": [
              {
                "delete_on_termination": true,
                "device_name": "/dev/sda1",
                "encrypted": false,
                "iops": 100,
                "kms_key_id": "",
                "tags": {},
                "throughput": 0,
                "volume_id": "vol-0e45844a8c28f2198",
                "volume_size": 8,
                "volume_type": "gp2"
              }
            ],
            "secondary_private_ips": [],
            "security_groups": [
              "reglas-servidor-Ivan"
            ],
            "source_dest_check": true,
            "subnet_id": "subnet-a7ace9fd",
            "tags": {
              "Name": "Servidor de Ivan"
            },
            "tags_all": {
              "Name": "Servidor de Ivan"
            },
            "tenancy": "default",
            "timeouts": null,
            "user_data": null,
            "user_data_base64": null,
            "user_data_replace_on_change": false,
            "volume_tags": null,
            "vpc_security_group_ids": [
              "sg-096250fb57e3b93e4"
            ]
          },
          "sensitive_attributes": [],
          "private": "eyJlMmJmYjczMC1lY2FhLTExZTYtOGY4OC0zNDM2M2JjN2M0YzAiOnsiY3JlYXRlIjo2MDAwMDAwMDAwMDAsImRlbGV0ZSI6MTIwMDAwMDAwMDAwMCwidXBkYXRlIjo2MDAwMDAwMDAwMDB9LCJzY2hlbWFfdmVyc2lvbiI6IjEifQ==",
          "dependencies": [
            "aws_key_pair.deployer",
            "aws_security_group.reglas_servidor",
            "data.aws_ami.miimagen",
            "module.misclaves.tls_private_key.claves"
          ]
        }
      ]
    },
    {
      "mode": "managed",
      "type": "aws_key_pair",
      "name": "deployer",
      "provider": "provider[\"registry.terraform.io/hashicorp/aws\"]",
      "instances": [
        {
          "schema_version": 1,
          "attributes": {
            "arn": "arn:aws:ec2:eu-west-1:639988086142:key-pair/clavePublicaIvan",
            "fingerprint": "25:bf:d0:0e:e0:14:ea:67:6c:15:d7:0e:6a:06:9f:f0",
            "id": "clavePublicaIvan",
            "key_name": "clavePublicaIvan",
            "key_name_prefix": "",
            "key_pair_id": "key-0f4cb40551fd1e433",
            "key_type": "rsa",
            "public_key": "ssh-rsa AAAAB3NzaC1yc2EAAAADAQABAAABAQDboBZzLbCBPJla2PEEDL8BE8r7IkIGTqJb8MkHwAzBUHjcxG1HyHUYkxO0u2hg/VbWu45vl6aJofi7xX730k6emjZfexrNgB5aI87bbVIrudiGvRB4TBdK2ewfrdk7b344cj8wisnSvR+VY0ENdRRs6/lWYhkByVz/5kbqXv4d6W2LtK2BczU71m/Pt137+9sF/rAXfdLW0JkqZgiHwKPaHzkK/ktO551KIoGNqq2TX2Vrh1WIAFDQ/10No5KPczfh+02+v6Hej7RNtT+8t2rXXul3uhO/Z8bKacjahb3jrLiL5vM1mZUX7tykCRGFOIke7wK183Yexbi4YmAfue2h",
            "tags": null,
            "tags_all": {}
          },
          "sensitive_attributes": [],
          "private": "eyJzY2hlbWFfdmVyc2lvbiI6IjEifQ==",
          "dependencies": [
            "module.misclaves.tls_private_key.claves"
          ]
        }
      ]
    },
    {
      "mode": "managed",
      "type": "aws_security_group",
      "name": "reglas_servidor",
      "provider": "provider[\"registry.terraform.io/hashicorp/aws\"]",
      "instances": [
        {
          "schema_version": 1,
          "attributes": {
            "arn": "arn:aws:ec2:eu-west-1:639988086142:security-group/sg-096250fb57e3b93e4",
            "description": "Permitor todo",
            "egress": [
              {
                "cidr_blocks": [
                  "0.0.0.0/0"
                ],
                "description": "",
                "from_port": 0,
                "ipv6_cidr_blocks": [],
                "prefix_list_ids": [],
                "protocol": "-1",
                "security_groups": [],
                "self": false,
                "to_port": 0
              }
            ],
            "id": "sg-096250fb57e3b93e4",
            "ingress": [
              {
                "cidr_blocks": [
                  "0.0.0.0/0"
                ],
                "description": "",
                "from_port": 0,
                "ipv6_cidr_blocks": [],
                "prefix_list_ids": [],
                "protocol": "-1",
                "security_groups": [],
                "self": false,
                "to_port": 0
              }
            ],
            "name": "reglas-servidor-Ivan",
            "name_prefix": "",
            "owner_id": "639988086142",
            "revoke_rules_on_delete": false,
            "tags": {
              "Name": "reglas-servidor-Ivan"
            },
            "tags_all": {
              "Name": "reglas-servidor-Ivan"
            },
            "timeouts": null,
            "vpc_id": "vpc-e5ef219c"
          },
          "sensitive_attributes": [],
          "private": "eyJlMmJmYjczMC1lY2FhLTExZTYtOGY4OC0zNDM2M2JjN2M0YzAiOnsiY3JlYXRlIjo2MDAwMDAwMDAwMDAsImRlbGV0ZSI6OTAwMDAwMDAwMDAwfSwic2NoZW1hX3ZlcnNpb24iOiIxIn0="
        }
      ]
    },
    {
      "module": "module.misclaves",
      "mode": "managed",
      "type": "tls_private_key",
      "name": "claves",
      "provider": "provider[\"registry.terraform.io/hashicorp/tls\"]",
      "instances": [
        {
          "index_key": 0,
          "schema_version": 1,
          "attributes": {
            "algorithm": "RSA",
            "ecdsa_curve": "P224",
            "id": "f41c7b8658d8420ca36ef39e8fe8d9a442068681",
            "private_key_openssh": "-----BEGIN OPENSSH PRIVATE KEY-----\nb3BlbnNzaC1rZXktdjEAAAAABG5vbmUAAAAEbm9uZQAAAAAAAAABAAABFwAAAAdz\nc2gtcnNhAAAAAwEAAQAAAQEA26AWcy2wgTyZWtjxBAy/ARPK+yJCBk6iW/DJB8AM\nwVB43MRtR8h1GJMTtLtoYP1W1ruOb5emiaH4u8V+99JOnpo2X3sazYAeWiPO221S\nK7nYhr0QeEwXStnsH63ZO29+OHI/MIrJ0r0flWNBDXUUbOv5VmIZAclc/+ZG6l7+\nHelti7StgXM1O9Zvz7dd+/vbBf6wF33S1tCZKmYIh8Cj2h85Cv5LTuedSiKBjaqt\nk19la4dViABQ0P9dDaOSj3M34ftNvr+h3o+0TbU/vLdq117pd7oTv2fGymnI2oW9\n46y4i+bzNZmVF+7cpAkRhTiJHu8CtfN2HsW4uGJgH7ntoQAAA7gzxCgJM8QoCQAA\nAAdzc2gtcnNhAAABAQDboBZzLbCBPJla2PEEDL8BE8r7IkIGTqJb8MkHwAzBUHjc\nxG1HyHUYkxO0u2hg/VbWu45vl6aJofi7xX730k6emjZfexrNgB5aI87bbVIrudiG\nvRB4TBdK2ewfrdk7b344cj8wisnSvR+VY0ENdRRs6/lWYhkByVz/5kbqXv4d6W2L\ntK2BczU71m/Pt137+9sF/rAXfdLW0JkqZgiHwKPaHzkK/ktO551KIoGNqq2TX2Vr\nh1WIAFDQ/10No5KPczfh+02+v6Hej7RNtT+8t2rXXul3uhO/Z8bKacjahb3jrLiL\n5vM1mZUX7tykCRGFOIke7wK183Yexbi4YmAfue2hAAAAAwEAAQAAAQEAhjewYJU0\nf9Z71cQsjpAHjm39JzqJZPdbS5q8EEtywBUgt7InIq5DuU/wxAufv14zWqlmY5Yn\nBYeBzablcCgLOev+fJ1sBNheNDIb8Yc+p1A9HiKe1RWTSoAhSD7jOepqFa7kJRM8\nQdioW5A7qjC52dLgHsV2iNv5RL4C6qpA3B+wciO3Ot9e1F3Q2K1OCJRY64M0cZJr\njI+7QKVNqnYRDIDeXauxrjzUwQqTWxLb9gcXxKpBIT3H+UVM8QKzg+N6W9ahBvn0\nvXa7MfviDZ6rZdiV+st8nWPTjJpiCQo66+FQP/+IZznSCePsqgZICKBPPXIRAu1/\nb91uibQOvOG9TQAAAIAb6Q+fU4dF7AFiXKDHE7v69WhpGx9cqAqv6ag54s4Z3/vq\nJ+1qpJ5jVoEXlrWOxXzBSv36+qfA59SfNiR+zVvkhthpC00YjxvnBVBLMY6n0bEH\nlv9quEuD1nbSPp4KhRyg8LRfZlRFFBj8X6my53sBm72bfUJKaWlyMl/bpr7ftgAA\nAIEA4+f6Mv41cM30coJQYrw35XuehSkyei/EXRMOqgKXRHXqchVdczRSBnEU2yOo\nOXF6O7vtQqLKilyuYO/qh4v2b/dPyfmElBRHOGdziVQ0/ONCnaUyyUlUR9oJWvdR\n4ur8ljseiqLmKxl9dDx5FirOo6izqlKEE5FgrhUS9/DISlcAAACBAPayywFqUMw4\n+s0fsxdPXzbIdXp48nxr47FB/ZS2NuG5WJxZFCagz1b0q59B6YGLEPrzRbCeE2K8\nGfmnO6TzgF8eygljYME7d45FfQWzy2LPLBDkur/Aol+PApLZUAstleHDJA1hzuJv\n+awRqaaxlwRrTL9So/SiwC4s/kQYanzHAAAAAAEC\n-----END OPENSSH PRIVATE KEY-----\n",
            "private_key_pem": "-----BEGIN RSA PRIVATE KEY-----\nMIIEpQIBAAKCAQEA26AWcy2wgTyZWtjxBAy/ARPK+yJCBk6iW/DJB8AMwVB43MRt\nR8h1GJMTtLtoYP1W1ruOb5emiaH4u8V+99JOnpo2X3sazYAeWiPO221SK7nYhr0Q\neEwXStnsH63ZO29+OHI/MIrJ0r0flWNBDXUUbOv5VmIZAclc/+ZG6l7+Helti7St\ngXM1O9Zvz7dd+/vbBf6wF33S1tCZKmYIh8Cj2h85Cv5LTuedSiKBjaqtk19la4dV\niABQ0P9dDaOSj3M34ftNvr+h3o+0TbU/vLdq117pd7oTv2fGymnI2oW946y4i+bz\nNZmVF+7cpAkRhTiJHu8CtfN2HsW4uGJgH7ntoQIDAQABAoIBAQCGN7BglTR/1nvV\nxCyOkAeObf0nOolk91tLmrwQS3LAFSC3sicirkO5T/DEC5+/XjNaqWZjlicFh4HN\npuVwKAs56/58nWwE2F40Mhvxhz6nUD0eIp7VFZNKgCFIPuM56moVruQlEzxB2Khb\nkDuqMLnZ0uAexXaI2/lEvgLqqkDcH7ByI7c6317UXdDYrU4IlFjrgzRxkmuMj7tA\npU2qdhEMgN5dq7GuPNTBCpNbEtv2BxfEqkEhPcf5RUzxArOD43pb1qEG+fS9drsx\n++INnqtl2JX6y3ydY9OMmmIJCjrr4VA//4hnOdIJ4+yqBkgIoE89chEC7X9v3W6J\ntA684b1NAoGBAOPn+jL+NXDN9HKCUGK8N+V7noUpMnovxF0TDqoCl0R16nIVXXM0\nUgZxFNsjqDlxeju77UKiyopcrmDv6oeL9m/3T8n5hJQURzhnc4lUNPzjQp2lMslJ\nVEfaCVr3UeLq/JY7Hoqi5isZfXQ8eRYqzqOos6pShBORYK4VEvfwyEpXAoGBAPay\nywFqUMw4+s0fsxdPXzbIdXp48nxr47FB/ZS2NuG5WJxZFCagz1b0q59B6YGLEPrz\nRbCeE2K8GfmnO6TzgF8eygljYME7d45FfQWzy2LPLBDkur/Aol+PApLZUAstleHD\nJA1hzuJv+awRqaaxlwRrTL9So/SiwC4s/kQYanzHAoGBANW241iOKW7usxvuN5Nf\nDMuVcMFOMJeD04+0Hzwt0cvRB1iT0F4H4iNIR1Z3yXiUgRsizwp9vZCh+KPOVw9k\noGO+doPgCAMUQPUTjbRp0oaSVhWepFE9AlueisdSxOcVlGcMaUd4Gn6wGIS3cJTo\n731o5ZICbvgqi46zFGaM1EVhAoGBALuN6LrVukHZXAvQ+tZQ+MFsm6wWAbzIRZ5A\n3mpOMeFgiVasfp5zic7BSy1T7hQXxzwS8bu6ImDhQxpDoxvgKIuom8+RZ0DhVh6r\nA8bvD0S63vSlALnB2XCvCDTe1HT7HkU6l9E4uBH9MaM49nMN9xNcBEg8qvvVNCim\n+lSI/4SHAoGAG+kPn1OHRewBYlygxxO7+vVoaRsfXKgKr+moOeLOGd/76iftaqSe\nY1aBF5a1jsV8wUr9+vqnwOfUnzYkfs1b5IbYaQtNGI8b5wVQSzGOp9GxB5b/arhL\ng9Z20j6eCoUcoPC0X2ZURRQY/F+psud7AZu9m31CSmlpcjJf26a+37Y=\n-----END RSA PRIVATE KEY-----\n",
            "private_key_pem_pkcs8": "-----BEGIN PRIVATE KEY-----\nMIIEvwIBADANBgkqhkiG9w0BAQEFAASCBKkwggSlAgEAAoIBAQDboBZzLbCBPJla\n2PEEDL8BE8r7IkIGTqJb8MkHwAzBUHjcxG1HyHUYkxO0u2hg/VbWu45vl6aJofi7\nxX730k6emjZfexrNgB5aI87bbVIrudiGvRB4TBdK2ewfrdk7b344cj8wisnSvR+V\nY0ENdRRs6/lWYhkByVz/5kbqXv4d6W2LtK2BczU71m/Pt137+9sF/rAXfdLW0Jkq\nZgiHwKPaHzkK/ktO551KIoGNqq2TX2Vrh1WIAFDQ/10No5KPczfh+02+v6Hej7RN\ntT+8t2rXXul3uhO/Z8bKacjahb3jrLiL5vM1mZUX7tykCRGFOIke7wK183Yexbi4\nYmAfue2hAgMBAAECggEBAIY3sGCVNH/We9XELI6QB45t/Sc6iWT3W0uavBBLcsAV\nILeyJyKuQ7lP8MQLn79eM1qpZmOWJwWHgc2m5XAoCznr/nydbATYXjQyG/GHPqdQ\nPR4intUVk0qAIUg+4znqahWu5CUTPEHYqFuQO6owudnS4B7Fdojb+US+AuqqQNwf\nsHIjtzrfXtRd0NitTgiUWOuDNHGSa4yPu0ClTap2EQyA3l2rsa481MEKk1sS2/YH\nF8SqQSE9x/lFTPECs4PjelvWoQb59L12uzH74g2eq2XYlfrLfJ1j04yaYgkKOuvh\nUD//iGc50gnj7KoGSAigTz1yEQLtf2/dbom0DrzhvU0CgYEA4+f6Mv41cM30coJQ\nYrw35XuehSkyei/EXRMOqgKXRHXqchVdczRSBnEU2yOoOXF6O7vtQqLKilyuYO/q\nh4v2b/dPyfmElBRHOGdziVQ0/ONCnaUyyUlUR9oJWvdR4ur8ljseiqLmKxl9dDx5\nFirOo6izqlKEE5FgrhUS9/DISlcCgYEA9rLLAWpQzDj6zR+zF09fNsh1enjyfGvj\nsUH9lLY24blYnFkUJqDPVvSrn0HpgYsQ+vNFsJ4TYrwZ+ac7pPOAXx7KCWNgwTt3\njkV9BbPLYs8sEOS6v8CiX48CktlQCy2V4cMkDWHO4m/5rBGpprGXBGtMv1Kj9KLA\nLiz+RBhqfMcCgYEA1bbjWI4pbu6zG+43k18My5VwwU4wl4PTj7QfPC3Ry9EHWJPQ\nXgfiI0hHVnfJeJSBGyLPCn29kKH4o85XD2SgY752g+AIAxRA9RONtGnShpJWFZ6k\nUT0CW56Kx1LE5xWUZwxpR3gafrAYhLdwlOjvfWjlkgJu+CqLjrMUZozURWECgYEA\nu43outW6QdlcC9D61lD4wWybrBYBvMhFnkDeak4x4WCJVqx+nnOJzsFLLVPuFBfH\nPBLxu7oiYOFDGkOjG+Aoi6ibz5FnQOFWHqsDxu8PRLre9KUAucHZcK8INN7UdPse\nRTqX0Ti4Ef0xozj2cw33E1wESDyq+9U0KKb6VIj/hIcCgYAb6Q+fU4dF7AFiXKDH\nE7v69WhpGx9cqAqv6ag54s4Z3/vqJ+1qpJ5jVoEXlrWOxXzBSv36+qfA59SfNiR+\nzVvkhthpC00YjxvnBVBLMY6n0bEHlv9quEuD1nbSPp4KhRyg8LRfZlRFFBj8X6my\n53sBm72bfUJKaWlyMl/bpr7ftg==\n-----END PRIVATE KEY-----\n",
            "public_key_fingerprint_md5": "a5:0d:90:8a:3d:ab:0e:1a:d5:9f:02:19:44:3a:dc:aa",
            "public_key_fingerprint_sha256": "SHA256:v/4LwcfjqwyGUUnpGAKzUhRm7ACJuTzk8jrGzxRvBGU",
            "public_key_openssh": "ssh-rsa AAAAB3NzaC1yc2EAAAADAQABAAABAQDboBZzLbCBPJla2PEEDL8BE8r7IkIGTqJb8MkHwAzBUHjcxG1HyHUYkxO0u2hg/VbWu45vl6aJofi7xX730k6emjZfexrNgB5aI87bbVIrudiGvRB4TBdK2ewfrdk7b344cj8wisnSvR+VY0ENdRRs6/lWYhkByVz/5kbqXv4d6W2LtK2BczU71m/Pt137+9sF/rAXfdLW0JkqZgiHwKPaHzkK/ktO551KIoGNqq2TX2Vrh1WIAFDQ/10No5KPczfh+02+v6Hej7RNtT+8t2rXXul3uhO/Z8bKacjahb3jrLiL5vM1mZUX7tykCRGFOIke7wK183Yexbi4YmAfue2h\n",
            "public_key_pem": "-----BEGIN PUBLIC KEY-----\nMIIBIjANBgkqhkiG9w0BAQEFAAOCAQ8AMIIBCgKCAQEA26AWcy2wgTyZWtjxBAy/\nARPK+yJCBk6iW/DJB8AMwVB43MRtR8h1GJMTtLtoYP1W1ruOb5emiaH4u8V+99JO\nnpo2X3sazYAeWiPO221SK7nYhr0QeEwXStnsH63ZO29+OHI/MIrJ0r0flWNBDXUU\nbOv5VmIZAclc/+ZG6l7+Helti7StgXM1O9Zvz7dd+/vbBf6wF33S1tCZKmYIh8Cj\n2h85Cv5LTuedSiKBjaqtk19la4dViABQ0P9dDaOSj3M34ftNvr+h3o+0TbU/vLdq\n117pd7oTv2fGymnI2oW946y4i+bzNZmVF+7cpAkRhTiJHu8CtfN2HsW4uGJgH7nt\noQIDAQAB\n-----END PUBLIC KEY-----\n",
            "rsa_bits": 2048
          },
          "sensitive_attributes": []
        }
      ]
    }
  ],
  "check_results": null
}
